// !$*UTF8*$!
{
	archiveVersion = 1;
	classes = {
	};
	objectVersion = 55;
	objects = {

/* Begin PBXBuildFile section */
		19533D8827E22BAB004D5AE5 /* AppDelegate.swift in Sources */ = {isa = PBXBuildFile; fileRef = 19533D8727E22BAB004D5AE5 /* AppDelegate.swift */; };
		19533D8A27E22BAB004D5AE5 /* SceneDelegate.swift in Sources */ = {isa = PBXBuildFile; fileRef = 19533D8927E22BAB004D5AE5 /* SceneDelegate.swift */; };
		19533D8C27E22BAB004D5AE5 /* PDFViewController.swift in Sources */ = {isa = PBXBuildFile; fileRef = 19533D8B27E22BAB004D5AE5 /* PDFViewController.swift */; };
		19533D9127E22BAC004D5AE5 /* Assets.xcassets in Resources */ = {isa = PBXBuildFile; fileRef = 19533D9027E22BAC004D5AE5 /* Assets.xcassets */; };
		19533D9427E22BAC004D5AE5 /* LaunchScreen.storyboard in Resources */ = {isa = PBXBuildFile; fileRef = 19533D9227E22BAC004D5AE5 /* LaunchScreen.storyboard */; };
		19533D9F27E22BAD004D5AE5 /* AmerEidCVTests.swift in Sources */ = {isa = PBXBuildFile; fileRef = 19533D9E27E22BAD004D5AE5 /* AmerEidCVTests.swift */; };
		19533DA927E22BAD004D5AE5 /* AmerEidCVUITests.swift in Sources */ = {isa = PBXBuildFile; fileRef = 19533DA827E22BAD004D5AE5 /* AmerEidCVUITests.swift */; };
		19533DAB27E22BAD004D5AE5 /* AmerEidCVUITestsLaunchTests.swift in Sources */ = {isa = PBXBuildFile; fileRef = 19533DAA27E22BAD004D5AE5 /* AmerEidCVUITestsLaunchTests.swift */; };
		19533DB927E22BF8004D5AE5 /* CVView.swift in Sources */ = {isa = PBXBuildFile; fileRef = 19533DB827E22BF8004D5AE5 /* CVView.swift */; };
		19533DBF27E259AE004D5AE5 /* PinLayout in Frameworks */ = {isa = PBXBuildFile; productRef = 19533DBE27E259AE004D5AE5 /* PinLayout */; };
		19533DC227E26AA0004D5AE5 /* Lobster.otf in Resources */ = {isa = PBXBuildFile; fileRef = 19533DC127E26A80004D5AE5 /* Lobster.otf */; };
		1987F74D27EB6BBB007DC43D /* CVLabel.swift in Sources */ = {isa = PBXBuildFile; fileRef = 1987F74C27EB6BBB007DC43D /* CVLabel.swift */; };
		19CDDDEC27F0817B0099E5E8 /* BulletPointLabelsModel.swift in Sources */ = {isa = PBXBuildFile; fileRef = 19CDDDEB27F0817B0099E5E8 /* BulletPointLabelsModel.swift */; };
		19CDDDEE27F0AB3C0099E5E8 /* BulletPointLabelsView.swift in Sources */ = {isa = PBXBuildFile; fileRef = 19CDDDED27F0AB3C0099E5E8 /* BulletPointLabelsView.swift */; };
		19CDDDF027F0AC090099E5E8 /* LegendView.swift in Sources */ = {isa = PBXBuildFile; fileRef = 19CDDDEF27F0AC090099E5E8 /* LegendView.swift */; };
		19CDDDF327F0B9DE0099E5E8 /* UIFontExtensions.swift in Sources */ = {isa = PBXBuildFile; fileRef = 19CDDDF227F0B9DE0099E5E8 /* UIFontExtensions.swift */; };
		19CDDDF527F0BA0E0099E5E8 /* UIColorExtensions.swift in Sources */ = {isa = PBXBuildFile; fileRef = 19CDDDF427F0BA0E0099E5E8 /* UIColorExtensions.swift */; };
		19CDDDF727F0BA440099E5E8 /* CVLabelModel.swift in Sources */ = {isa = PBXBuildFile; fileRef = 19CDDDF627F0BA440099E5E8 /* CVLabelModel.swift */; };
		19CDDDFA27F0BACE0099E5E8 /* UIViewExtensions.swift in Sources */ = {isa = PBXBuildFile; fileRef = 19CDDDF927F0BACE0099E5E8 /* UIViewExtensions.swift */; };
		19D4C7B827E39E010094F0F6 /* PersonalDataModel.swift in Sources */ = {isa = PBXBuildFile; fileRef = 19D4C7B727E39E010094F0F6 /* PersonalDataModel.swift */; };
		19D4C7BB27E39FF00094F0F6 /* PersonalDataView.swift in Sources */ = {isa = PBXBuildFile; fileRef = 19D4C7BA27E39FF00094F0F6 /* PersonalDataView.swift */; };
		19D4C7BD27E3A4980094F0F6 /* HeaderView.swift in Sources */ = {isa = PBXBuildFile; fileRef = 19D4C7BC27E3A4980094F0F6 /* HeaderView.swift */; };
		19D4C7BF27E3A4FA0094F0F6 /* HeaderModel.swift in Sources */ = {isa = PBXBuildFile; fileRef = 19D4C7BE27E3A4FA0094F0F6 /* HeaderModel.swift */; };
		19D4C7C127E3A58C0094F0F6 /* CVSubview.swift in Sources */ = {isa = PBXBuildFile; fileRef = 19D4C7C027E3A58C0094F0F6 /* CVSubview.swift */; };
		19D4C7C327E3CF420094F0F6 /* DetailsModel.swift in Sources */ = {isa = PBXBuildFile; fileRef = 19D4C7C227E3CF420094F0F6 /* DetailsModel.swift */; };
		19D4C7C527E3CF740094F0F6 /* DetailsView.swift in Sources */ = {isa = PBXBuildFile; fileRef = 19D4C7C427E3CF740094F0F6 /* DetailsView.swift */; };
		19D4C7C727E3D19B0094F0F6 /* BulletPointModel.swift in Sources */ = {isa = PBXBuildFile; fileRef = 19D4C7C627E3D19B0094F0F6 /* BulletPointModel.swift */; };
		19D4C7C927E3D1CA0094F0F6 /* BulletPointView.swift in Sources */ = {isa = PBXBuildFile; fileRef = 19D4C7C827E3D1CA0094F0F6 /* BulletPointView.swift */; };
		19D4C7CB27E3D3EF0094F0F6 /* CVSubviewFactory.swift in Sources */ = {isa = PBXBuildFile; fileRef = 19D4C7CA27E3D3EF0094F0F6 /* CVSubviewFactory.swift */; };
		19D4C84B27E79D6B0094F0F6 /* SummaryView.swift in Sources */ = {isa = PBXBuildFile; fileRef = 19D4C84A27E79D6B0094F0F6 /* SummaryView.swift */; };
		19D4C84D27E79DC80094F0F6 /* SummaryModel.swift in Sources */ = {isa = PBXBuildFile; fileRef = 19D4C84C27E79DC80094F0F6 /* SummaryModel.swift */; };
		19D4C85A27E7A4F70094F0F6 /* OpenSans-Medium.ttf in Resources */ = {isa = PBXBuildFile; fileRef = 19D4C84E27E7A4F70094F0F6 /* OpenSans-Medium.ttf */; };
		19D4C85B27E7A4F70094F0F6 /* OpenSans-Light.ttf in Resources */ = {isa = PBXBuildFile; fileRef = 19D4C84F27E7A4F70094F0F6 /* OpenSans-Light.ttf */; };
		19D4C85C27E7A4F70094F0F6 /* OpenSans-Bold.ttf in Resources */ = {isa = PBXBuildFile; fileRef = 19D4C85027E7A4F70094F0F6 /* OpenSans-Bold.ttf */; };
		19D4C85D27E7A4F70094F0F6 /* OpenSans-SemiBold.ttf in Resources */ = {isa = PBXBuildFile; fileRef = 19D4C85127E7A4F70094F0F6 /* OpenSans-SemiBold.ttf */; };
		19D4C85E27E7A4F70094F0F6 /* OpenSans-BoldItalic.ttf in Resources */ = {isa = PBXBuildFile; fileRef = 19D4C85227E7A4F70094F0F6 /* OpenSans-BoldItalic.ttf */; };
		19D4C85F27E7A4F70094F0F6 /* OpenSans-ExtraBold.ttf in Resources */ = {isa = PBXBuildFile; fileRef = 19D4C85327E7A4F70094F0F6 /* OpenSans-ExtraBold.ttf */; };
		19D4C86027E7A4F70094F0F6 /* OpenSans-LightItalic.ttf in Resources */ = {isa = PBXBuildFile; fileRef = 19D4C85427E7A4F70094F0F6 /* OpenSans-LightItalic.ttf */; };
		19D4C86127E7A4F70094F0F6 /* OpenSans-Italic.ttf in Resources */ = {isa = PBXBuildFile; fileRef = 19D4C85527E7A4F70094F0F6 /* OpenSans-Italic.ttf */; };
		19D4C86227E7A4F70094F0F6 /* OpenSans-Regular.ttf in Resources */ = {isa = PBXBuildFile; fileRef = 19D4C85627E7A4F70094F0F6 /* OpenSans-Regular.ttf */; };
		19D4C86327E7A4F70094F0F6 /* OpenSans-SemiBoldItalic.ttf in Resources */ = {isa = PBXBuildFile; fileRef = 19D4C85727E7A4F70094F0F6 /* OpenSans-SemiBoldItalic.ttf */; };
		19D4C86427E7A4F70094F0F6 /* OpenSans-MediumItalic.ttf in Resources */ = {isa = PBXBuildFile; fileRef = 19D4C85827E7A4F70094F0F6 /* OpenSans-MediumItalic.ttf */; };
		19D4C86527E7A4F70094F0F6 /* OpenSans-ExtraBoldItalic.ttf in Resources */ = {isa = PBXBuildFile; fileRef = 19D4C85927E7A4F70094F0F6 /* OpenSans-ExtraBoldItalic.ttf */; };
/* End PBXBuildFile section */

/* Begin PBXContainerItemProxy section */
		19533D9B27E22BAD004D5AE5 /* PBXContainerItemProxy */ = {
			isa = PBXContainerItemProxy;
			containerPortal = 19533D7C27E22BAB004D5AE5 /* Project object */;
			proxyType = 1;
			remoteGlobalIDString = 19533D8327E22BAB004D5AE5;
			remoteInfo = AmerEidCV;
		};
		19533DA527E22BAD004D5AE5 /* PBXContainerItemProxy */ = {
			isa = PBXContainerItemProxy;
			containerPortal = 19533D7C27E22BAB004D5AE5 /* Project object */;
			proxyType = 1;
			remoteGlobalIDString = 19533D8327E22BAB004D5AE5;
			remoteInfo = AmerEidCV;
		};
/* End PBXContainerItemProxy section */

/* Begin PBXFileReference section */
		19533D8427E22BAB004D5AE5 /* AmerEidCV.app */ = {isa = PBXFileReference; explicitFileType = wrapper.application; includeInIndex = 0; path = AmerEidCV.app; sourceTree = BUILT_PRODUCTS_DIR; };
		19533D8727E22BAB004D5AE5 /* AppDelegate.swift */ = {isa = PBXFileReference; lastKnownFileType = sourcecode.swift; path = AppDelegate.swift; sourceTree = "<group>"; };
		19533D8927E22BAB004D5AE5 /* SceneDelegate.swift */ = {isa = PBXFileReference; lastKnownFileType = sourcecode.swift; path = SceneDelegate.swift; sourceTree = "<group>"; };
		19533D8B27E22BAB004D5AE5 /* PDFViewController.swift */ = {isa = PBXFileReference; lastKnownFileType = sourcecode.swift; path = PDFViewController.swift; sourceTree = "<group>"; };
		19533D9027E22BAC004D5AE5 /* Assets.xcassets */ = {isa = PBXFileReference; lastKnownFileType = folder.assetcatalog; path = Assets.xcassets; sourceTree = "<group>"; };
		19533D9327E22BAC004D5AE5 /* Base */ = {isa = PBXFileReference; lastKnownFileType = file.storyboard; name = Base; path = Base.lproj/LaunchScreen.storyboard; sourceTree = "<group>"; };
		19533D9527E22BAC004D5AE5 /* Info.plist */ = {isa = PBXFileReference; lastKnownFileType = text.plist.xml; path = Info.plist; sourceTree = "<group>"; };
		19533D9A27E22BAD004D5AE5 /* AmerEidCVTests.xctest */ = {isa = PBXFileReference; explicitFileType = wrapper.cfbundle; includeInIndex = 0; path = AmerEidCVTests.xctest; sourceTree = BUILT_PRODUCTS_DIR; };
		19533D9E27E22BAD004D5AE5 /* AmerEidCVTests.swift */ = {isa = PBXFileReference; lastKnownFileType = sourcecode.swift; path = AmerEidCVTests.swift; sourceTree = "<group>"; };
		19533DA427E22BAD004D5AE5 /* AmerEidCVUITests.xctest */ = {isa = PBXFileReference; explicitFileType = wrapper.cfbundle; includeInIndex = 0; path = AmerEidCVUITests.xctest; sourceTree = BUILT_PRODUCTS_DIR; };
		19533DA827E22BAD004D5AE5 /* AmerEidCVUITests.swift */ = {isa = PBXFileReference; lastKnownFileType = sourcecode.swift; path = AmerEidCVUITests.swift; sourceTree = "<group>"; };
		19533DAA27E22BAD004D5AE5 /* AmerEidCVUITestsLaunchTests.swift */ = {isa = PBXFileReference; lastKnownFileType = sourcecode.swift; path = AmerEidCVUITestsLaunchTests.swift; sourceTree = "<group>"; };
		19533DB827E22BF8004D5AE5 /* CVView.swift */ = {isa = PBXFileReference; lastKnownFileType = sourcecode.swift; path = CVView.swift; sourceTree = "<group>"; };
		19533DC127E26A80004D5AE5 /* Lobster.otf */ = {isa = PBXFileReference; lastKnownFileType = file; path = Lobster.otf; sourceTree = "<group>"; };
		1987F74C27EB6BBB007DC43D /* CVLabel.swift */ = {isa = PBXFileReference; lastKnownFileType = sourcecode.swift; path = CVLabel.swift; sourceTree = "<group>"; };
		19CDDDEB27F0817B0099E5E8 /* BulletPointLabelsModel.swift */ = {isa = PBXFileReference; lastKnownFileType = sourcecode.swift; path = BulletPointLabelsModel.swift; sourceTree = "<group>"; };
		19CDDDED27F0AB3C0099E5E8 /* BulletPointLabelsView.swift */ = {isa = PBXFileReference; lastKnownFileType = sourcecode.swift; path = BulletPointLabelsView.swift; sourceTree = "<group>"; };
		19CDDDEF27F0AC090099E5E8 /* LegendView.swift */ = {isa = PBXFileReference; lastKnownFileType = sourcecode.swift; path = LegendView.swift; sourceTree = "<group>"; };
		19CDDDF227F0B9DE0099E5E8 /* UIFontExtensions.swift */ = {isa = PBXFileReference; lastKnownFileType = sourcecode.swift; path = UIFontExtensions.swift; sourceTree = "<group>"; };
		19CDDDF427F0BA0E0099E5E8 /* UIColorExtensions.swift */ = {isa = PBXFileReference; lastKnownFileType = sourcecode.swift; path = UIColorExtensions.swift; sourceTree = "<group>"; };
		19CDDDF627F0BA440099E5E8 /* CVLabelModel.swift */ = {isa = PBXFileReference; lastKnownFileType = sourcecode.swift; path = CVLabelModel.swift; sourceTree = "<group>"; };
		19CDDDF927F0BACE0099E5E8 /* UIViewExtensions.swift */ = {isa = PBXFileReference; lastKnownFileType = sourcecode.swift; path = UIViewExtensions.swift; sourceTree = "<group>"; };
		19D4C7B727E39E010094F0F6 /* PersonalDataModel.swift */ = {isa = PBXFileReference; lastKnownFileType = sourcecode.swift; path = PersonalDataModel.swift; sourceTree = "<group>"; };
		19D4C7BA27E39FF00094F0F6 /* PersonalDataView.swift */ = {isa = PBXFileReference; lastKnownFileType = sourcecode.swift; path = PersonalDataView.swift; sourceTree = "<group>"; };
		19D4C7BC27E3A4980094F0F6 /* HeaderView.swift */ = {isa = PBXFileReference; lastKnownFileType = sourcecode.swift; path = HeaderView.swift; sourceTree = "<group>"; };
		19D4C7BE27E3A4FA0094F0F6 /* HeaderModel.swift */ = {isa = PBXFileReference; lastKnownFileType = sourcecode.swift; path = HeaderModel.swift; sourceTree = "<group>"; };
		19D4C7C027E3A58C0094F0F6 /* CVSubview.swift */ = {isa = PBXFileReference; lastKnownFileType = sourcecode.swift; path = CVSubview.swift; sourceTree = "<group>"; };
		19D4C7C227E3CF420094F0F6 /* DetailsModel.swift */ = {isa = PBXFileReference; lastKnownFileType = sourcecode.swift; path = DetailsModel.swift; sourceTree = "<group>"; };
		19D4C7C427E3CF740094F0F6 /* DetailsView.swift */ = {isa = PBXFileReference; lastKnownFileType = sourcecode.swift; path = DetailsView.swift; sourceTree = "<group>"; };
		19D4C7C627E3D19B0094F0F6 /* BulletPointModel.swift */ = {isa = PBXFileReference; lastKnownFileType = sourcecode.swift; path = BulletPointModel.swift; sourceTree = "<group>"; };
		19D4C7C827E3D1CA0094F0F6 /* BulletPointView.swift */ = {isa = PBXFileReference; lastKnownFileType = sourcecode.swift; path = BulletPointView.swift; sourceTree = "<group>"; };
		19D4C7CA27E3D3EF0094F0F6 /* CVSubviewFactory.swift */ = {isa = PBXFileReference; lastKnownFileType = sourcecode.swift; path = CVSubviewFactory.swift; sourceTree = "<group>"; };
		19D4C84A27E79D6B0094F0F6 /* SummaryView.swift */ = {isa = PBXFileReference; lastKnownFileType = sourcecode.swift; path = SummaryView.swift; sourceTree = "<group>"; };
		19D4C84C27E79DC80094F0F6 /* SummaryModel.swift */ = {isa = PBXFileReference; lastKnownFileType = sourcecode.swift; path = SummaryModel.swift; sourceTree = "<group>"; };
		19D4C84E27E7A4F70094F0F6 /* OpenSans-Medium.ttf */ = {isa = PBXFileReference; lastKnownFileType = file; path = "OpenSans-Medium.ttf"; sourceTree = "<group>"; };
		19D4C84F27E7A4F70094F0F6 /* OpenSans-Light.ttf */ = {isa = PBXFileReference; lastKnownFileType = file; path = "OpenSans-Light.ttf"; sourceTree = "<group>"; };
		19D4C85027E7A4F70094F0F6 /* OpenSans-Bold.ttf */ = {isa = PBXFileReference; lastKnownFileType = file; path = "OpenSans-Bold.ttf"; sourceTree = "<group>"; };
		19D4C85127E7A4F70094F0F6 /* OpenSans-SemiBold.ttf */ = {isa = PBXFileReference; lastKnownFileType = file; path = "OpenSans-SemiBold.ttf"; sourceTree = "<group>"; };
		19D4C85227E7A4F70094F0F6 /* OpenSans-BoldItalic.ttf */ = {isa = PBXFileReference; lastKnownFileType = file; path = "OpenSans-BoldItalic.ttf"; sourceTree = "<group>"; };
		19D4C85327E7A4F70094F0F6 /* OpenSans-ExtraBold.ttf */ = {isa = PBXFileReference; lastKnownFileType = file; path = "OpenSans-ExtraBold.ttf"; sourceTree = "<group>"; };
		19D4C85427E7A4F70094F0F6 /* OpenSans-LightItalic.ttf */ = {isa = PBXFileReference; lastKnownFileType = file; path = "OpenSans-LightItalic.ttf"; sourceTree = "<group>"; };
		19D4C85527E7A4F70094F0F6 /* OpenSans-Italic.ttf */ = {isa = PBXFileReference; lastKnownFileType = file; path = "OpenSans-Italic.ttf"; sourceTree = "<group>"; };
		19D4C85627E7A4F70094F0F6 /* OpenSans-Regular.ttf */ = {isa = PBXFileReference; lastKnownFileType = file; path = "OpenSans-Regular.ttf"; sourceTree = "<group>"; };
		19D4C85727E7A4F70094F0F6 /* OpenSans-SemiBoldItalic.ttf */ = {isa = PBXFileReference; lastKnownFileType = file; path = "OpenSans-SemiBoldItalic.ttf"; sourceTree = "<group>"; };
		19D4C85827E7A4F70094F0F6 /* OpenSans-MediumItalic.ttf */ = {isa = PBXFileReference; lastKnownFileType = file; path = "OpenSans-MediumItalic.ttf"; sourceTree = "<group>"; };
		19D4C85927E7A4F70094F0F6 /* OpenSans-ExtraBoldItalic.ttf */ = {isa = PBXFileReference; lastKnownFileType = file; path = "OpenSans-ExtraBoldItalic.ttf"; sourceTree = "<group>"; };
/* End PBXFileReference section */

/* Begin PBXFrameworksBuildPhase section */
		19533D8127E22BAB004D5AE5 /* Frameworks */ = {
			isa = PBXFrameworksBuildPhase;
			buildActionMask = 2147483647;
			files = (
				19533DBF27E259AE004D5AE5 /* PinLayout in Frameworks */,
			);
			runOnlyForDeploymentPostprocessing = 0;
		};
		19533D9727E22BAD004D5AE5 /* Frameworks */ = {
			isa = PBXFrameworksBuildPhase;
			buildActionMask = 2147483647;
			files = (
			);
			runOnlyForDeploymentPostprocessing = 0;
		};
		19533DA127E22BAD004D5AE5 /* Frameworks */ = {
			isa = PBXFrameworksBuildPhase;
			buildActionMask = 2147483647;
			files = (
			);
			runOnlyForDeploymentPostprocessing = 0;
		};
/* End PBXFrameworksBuildPhase section */

/* Begin PBXGroup section */
		19533D7B27E22BAB004D5AE5 = {
			isa = PBXGroup;
			children = (
				19533D8627E22BAB004D5AE5 /* AmerEidCV */,
				19533D9D27E22BAD004D5AE5 /* AmerEidCVTests */,
				19533DA727E22BAD004D5AE5 /* AmerEidCVUITests */,
				19533D8527E22BAB004D5AE5 /* Products */,
			);
			sourceTree = "<group>";
		};
		19533D8527E22BAB004D5AE5 /* Products */ = {
			isa = PBXGroup;
			children = (
				19533D8427E22BAB004D5AE5 /* AmerEidCV.app */,
				19533D9A27E22BAD004D5AE5 /* AmerEidCVTests.xctest */,
				19533DA427E22BAD004D5AE5 /* AmerEidCVUITests.xctest */,
			);
			name = Products;
			sourceTree = "<group>";
		};
		19533D8627E22BAB004D5AE5 /* AmerEidCV */ = {
			isa = PBXGroup;
			children = (
				19533D8727E22BAB004D5AE5 /* AppDelegate.swift */,
				19533D8927E22BAB004D5AE5 /* SceneDelegate.swift */,
				19533DB727E22BE5004D5AE5 /* Sources */,
				19533D9027E22BAC004D5AE5 /* Assets.xcassets */,
				19533D9227E22BAC004D5AE5 /* LaunchScreen.storyboard */,
				19533D9527E22BAC004D5AE5 /* Info.plist */,
			);
			path = AmerEidCV;
			sourceTree = "<group>";
		};
		19533D9D27E22BAD004D5AE5 /* AmerEidCVTests */ = {
			isa = PBXGroup;
			children = (
				19533D9E27E22BAD004D5AE5 /* AmerEidCVTests.swift */,
			);
			path = AmerEidCVTests;
			sourceTree = "<group>";
		};
		19533DA727E22BAD004D5AE5 /* AmerEidCVUITests */ = {
			isa = PBXGroup;
			children = (
				19533DA827E22BAD004D5AE5 /* AmerEidCVUITests.swift */,
				19533DAA27E22BAD004D5AE5 /* AmerEidCVUITestsLaunchTests.swift */,
			);
			path = AmerEidCVUITests;
			sourceTree = "<group>";
		};
		19533DB727E22BE5004D5AE5 /* Sources */ = {
			isa = PBXGroup;
			children = (
				19CDDDF827F0BA930099E5E8 /* ViewControllers */,
				19CDDDF127F0B9D10099E5E8 /* Extensions */,
				19D4C7B927E39FDC0094F0F6 /* Views */,
				19D4C7B627E39DDC0094F0F6 /* Models */,
				19533DC027E26A73004D5AE5 /* Fonts */,
				19D4C7CA27E3D3EF0094F0F6 /* CVSubviewFactory.swift */,
			);
			path = Sources;
			sourceTree = "<group>";
		};
		19533DC027E26A73004D5AE5 /* Fonts */ = {
			isa = PBXGroup;
			children = (
				19533DC127E26A80004D5AE5 /* Lobster.otf */,
				19D4C85027E7A4F70094F0F6 /* OpenSans-Bold.ttf */,
				19D4C85227E7A4F70094F0F6 /* OpenSans-BoldItalic.ttf */,
				19D4C85327E7A4F70094F0F6 /* OpenSans-ExtraBold.ttf */,
				19D4C85927E7A4F70094F0F6 /* OpenSans-ExtraBoldItalic.ttf */,
				19D4C85527E7A4F70094F0F6 /* OpenSans-Italic.ttf */,
				19D4C84F27E7A4F70094F0F6 /* OpenSans-Light.ttf */,
				19D4C85427E7A4F70094F0F6 /* OpenSans-LightItalic.ttf */,
				19D4C84E27E7A4F70094F0F6 /* OpenSans-Medium.ttf */,
				19D4C85827E7A4F70094F0F6 /* OpenSans-MediumItalic.ttf */,
				19D4C85627E7A4F70094F0F6 /* OpenSans-Regular.ttf */,
				19D4C85127E7A4F70094F0F6 /* OpenSans-SemiBold.ttf */,
				19D4C85727E7A4F70094F0F6 /* OpenSans-SemiBoldItalic.ttf */,
			);
			path = Fonts;
			sourceTree = "<group>";
		};
		19CDDDF127F0B9D10099E5E8 /* Extensions */ = {
			isa = PBXGroup;
			children = (
				19CDDDF227F0B9DE0099E5E8 /* UIFontExtensions.swift */,
				19CDDDF427F0BA0E0099E5E8 /* UIColorExtensions.swift */,
				19CDDDF927F0BACE0099E5E8 /* UIViewExtensions.swift */,
			);
			path = Extensions;
			sourceTree = "<group>";
		};
		19CDDDF827F0BA930099E5E8 /* ViewControllers */ = {
			isa = PBXGroup;
			children = (
				19533D8B27E22BAB004D5AE5 /* PDFViewController.swift */,
			);
			path = ViewControllers;
			sourceTree = "<group>";
		};
		19D4C7B627E39DDC0094F0F6 /* Models */ = {
			isa = PBXGroup;
			children = (
				19CDDDF627F0BA440099E5E8 /* CVLabelModel.swift */,
				19D4C7B727E39E010094F0F6 /* PersonalDataModel.swift */,
				19D4C84C27E79DC80094F0F6 /* SummaryModel.swift */,
				19D4C7BE27E3A4FA0094F0F6 /* HeaderModel.swift */,
				19D4C7C227E3CF420094F0F6 /* DetailsModel.swift */,
				19D4C7C627E3D19B0094F0F6 /* BulletPointModel.swift */,
				19CDDDEB27F0817B0099E5E8 /* BulletPointLabelsModel.swift */,
			);
			path = Models;
			sourceTree = "<group>";
		};
		19D4C7B927E39FDC0094F0F6 /* Views */ = {
			isa = PBXGroup;
			children = (
				19533DB827E22BF8004D5AE5 /* CVView.swift */,
				19D4C7C027E3A58C0094F0F6 /* CVSubview.swift */,
				1987F74C27EB6BBB007DC43D /* CVLabel.swift */,
				19D4C7BA27E39FF00094F0F6 /* PersonalDataView.swift */,
				19D4C84A27E79D6B0094F0F6 /* SummaryView.swift */,
				19D4C7BC27E3A4980094F0F6 /* HeaderView.swift */,
				19D4C7C427E3CF740094F0F6 /* DetailsView.swift */,
				19D4C7C827E3D1CA0094F0F6 /* BulletPointView.swift */,
				19CDDDED27F0AB3C0099E5E8 /* BulletPointLabelsView.swift */,
				19CDDDEF27F0AC090099E5E8 /* LegendView.swift */,
			);
			path = Views;
			sourceTree = "<group>";
		};
/* End PBXGroup section */

/* Begin PBXNativeTarget section */
		19533D8327E22BAB004D5AE5 /* AmerEidCV */ = {
			isa = PBXNativeTarget;
			buildConfigurationList = 19533DAE27E22BAD004D5AE5 /* Build configuration list for PBXNativeTarget "AmerEidCV" */;
			buildPhases = (
				19533D8027E22BAB004D5AE5 /* Sources */,
				19533D8127E22BAB004D5AE5 /* Frameworks */,
				19533D8227E22BAB004D5AE5 /* Resources */,
			);
			buildRules = (
			);
			dependencies = (
			);
			name = AmerEidCV;
			packageProductDependencies = (
				19533DBE27E259AE004D5AE5 /* PinLayout */,
			);
			productName = AmerEidCV;
			productReference = 19533D8427E22BAB004D5AE5 /* AmerEidCV.app */;
			productType = "com.apple.product-type.application";
		};
		19533D9927E22BAD004D5AE5 /* AmerEidCVTests */ = {
			isa = PBXNativeTarget;
			buildConfigurationList = 19533DB127E22BAD004D5AE5 /* Build configuration list for PBXNativeTarget "AmerEidCVTests" */;
			buildPhases = (
				19533D9627E22BAD004D5AE5 /* Sources */,
				19533D9727E22BAD004D5AE5 /* Frameworks */,
				19533D9827E22BAD004D5AE5 /* Resources */,
			);
			buildRules = (
			);
			dependencies = (
				19533D9C27E22BAD004D5AE5 /* PBXTargetDependency */,
			);
			name = AmerEidCVTests;
			productName = AmerEidCVTests;
			productReference = 19533D9A27E22BAD004D5AE5 /* AmerEidCVTests.xctest */;
			productType = "com.apple.product-type.bundle.unit-test";
		};
		19533DA327E22BAD004D5AE5 /* AmerEidCVUITests */ = {
			isa = PBXNativeTarget;
			buildConfigurationList = 19533DB427E22BAD004D5AE5 /* Build configuration list for PBXNativeTarget "AmerEidCVUITests" */;
			buildPhases = (
				19533DA027E22BAD004D5AE5 /* Sources */,
				19533DA127E22BAD004D5AE5 /* Frameworks */,
				19533DA227E22BAD004D5AE5 /* Resources */,
			);
			buildRules = (
			);
			dependencies = (
				19533DA627E22BAD004D5AE5 /* PBXTargetDependency */,
			);
			name = AmerEidCVUITests;
			productName = AmerEidCVUITests;
			productReference = 19533DA427E22BAD004D5AE5 /* AmerEidCVUITests.xctest */;
			productType = "com.apple.product-type.bundle.ui-testing";
		};
/* End PBXNativeTarget section */

/* Begin PBXProject section */
		19533D7C27E22BAB004D5AE5 /* Project object */ = {
			isa = PBXProject;
			attributes = {
				BuildIndependentTargetsInParallel = 1;
				LastSwiftUpdateCheck = 1330;
				LastUpgradeCheck = 1330;
				TargetAttributes = {
					19533D8327E22BAB004D5AE5 = {
						CreatedOnToolsVersion = 13.3;
					};
					19533D9927E22BAD004D5AE5 = {
						CreatedOnToolsVersion = 13.3;
						TestTargetID = 19533D8327E22BAB004D5AE5;
					};
					19533DA327E22BAD004D5AE5 = {
						CreatedOnToolsVersion = 13.3;
						TestTargetID = 19533D8327E22BAB004D5AE5;
					};
				};
			};
			buildConfigurationList = 19533D7F27E22BAB004D5AE5 /* Build configuration list for PBXProject "AmerEidCV" */;
			compatibilityVersion = "Xcode 13.0";
			developmentRegion = en;
			hasScannedForEncodings = 0;
			knownRegions = (
				en,
				Base,
			);
			mainGroup = 19533D7B27E22BAB004D5AE5;
			packageReferences = (
				19533DBD27E259AE004D5AE5 /* XCRemoteSwiftPackageReference "PinLayout" */,
			);
			productRefGroup = 19533D8527E22BAB004D5AE5 /* Products */;
			projectDirPath = "";
			projectRoot = "";
			targets = (
				19533D8327E22BAB004D5AE5 /* AmerEidCV */,
				19533D9927E22BAD004D5AE5 /* AmerEidCVTests */,
				19533DA327E22BAD004D5AE5 /* AmerEidCVUITests */,
			);
		};
/* End PBXProject section */

/* Begin PBXResourcesBuildPhase section */
		19533D8227E22BAB004D5AE5 /* Resources */ = {
			isa = PBXResourcesBuildPhase;
			buildActionMask = 2147483647;
			files = (
				19D4C85A27E7A4F70094F0F6 /* OpenSans-Medium.ttf in Resources */,
				19D4C86127E7A4F70094F0F6 /* OpenSans-Italic.ttf in Resources */,
				19533DC227E26AA0004D5AE5 /* Lobster.otf in Resources */,
				19D4C86327E7A4F70094F0F6 /* OpenSans-SemiBoldItalic.ttf in Resources */,
				19D4C85F27E7A4F70094F0F6 /* OpenSans-ExtraBold.ttf in Resources */,
				19D4C85D27E7A4F70094F0F6 /* OpenSans-SemiBold.ttf in Resources */,
				19D4C86427E7A4F70094F0F6 /* OpenSans-MediumItalic.ttf in Resources */,
				19D4C86527E7A4F70094F0F6 /* OpenSans-ExtraBoldItalic.ttf in Resources */,
				19D4C86027E7A4F70094F0F6 /* OpenSans-LightItalic.ttf in Resources */,
				19D4C85C27E7A4F70094F0F6 /* OpenSans-Bold.ttf in Resources */,
				19533D9427E22BAC004D5AE5 /* LaunchScreen.storyboard in Resources */,
				19D4C85B27E7A4F70094F0F6 /* OpenSans-Light.ttf in Resources */,
				19D4C85E27E7A4F70094F0F6 /* OpenSans-BoldItalic.ttf in Resources */,
				19D4C86227E7A4F70094F0F6 /* OpenSans-Regular.ttf in Resources */,
				19533D9127E22BAC004D5AE5 /* Assets.xcassets in Resources */,
			);
			runOnlyForDeploymentPostprocessing = 0;
		};
		19533D9827E22BAD004D5AE5 /* Resources */ = {
			isa = PBXResourcesBuildPhase;
			buildActionMask = 2147483647;
			files = (
			);
			runOnlyForDeploymentPostprocessing = 0;
		};
		19533DA227E22BAD004D5AE5 /* Resources */ = {
			isa = PBXResourcesBuildPhase;
			buildActionMask = 2147483647;
			files = (
			);
			runOnlyForDeploymentPostprocessing = 0;
		};
/* End PBXResourcesBuildPhase section */

/* Begin PBXSourcesBuildPhase section */
		19533D8027E22BAB004D5AE5 /* Sources */ = {
			isa = PBXSourcesBuildPhase;
			buildActionMask = 2147483647;
			files = (
				19D4C7BF27E3A4FA0094F0F6 /* HeaderModel.swift in Sources */,
				19533D8C27E22BAB004D5AE5 /* PDFViewController.swift in Sources */,
				19CDDDF327F0B9DE0099E5E8 /* UIFontExtensions.swift in Sources */,
				1987F74D27EB6BBB007DC43D /* CVLabel.swift in Sources */,
				19D4C84B27E79D6B0094F0F6 /* SummaryView.swift in Sources */,
				19D4C7C127E3A58C0094F0F6 /* CVSubview.swift in Sources */,
				19D4C7C727E3D19B0094F0F6 /* BulletPointModel.swift in Sources */,
				19CDDDF727F0BA440099E5E8 /* CVLabelModel.swift in Sources */,
				19D4C7C927E3D1CA0094F0F6 /* BulletPointView.swift in Sources */,
				19D4C7BD27E3A4980094F0F6 /* HeaderView.swift in Sources */,
				19CDDDFA27F0BACE0099E5E8 /* UIViewExtensions.swift in Sources */,
				19D4C7BB27E39FF00094F0F6 /* PersonalDataView.swift in Sources */,
				19CDDDEE27F0AB3C0099E5E8 /* BulletPointLabelsView.swift in Sources */,
				19D4C7B827E39E010094F0F6 /* PersonalDataModel.swift in Sources */,
				19D4C7C327E3CF420094F0F6 /* DetailsModel.swift in Sources */,
				19D4C7C527E3CF740094F0F6 /* DetailsView.swift in Sources */,
				19CDDDF027F0AC090099E5E8 /* LegendView.swift in Sources */,
				19533D8827E22BAB004D5AE5 /* AppDelegate.swift in Sources */,
				19D4C84D27E79DC80094F0F6 /* SummaryModel.swift in Sources */,
				19CDDDF527F0BA0E0099E5E8 /* UIColorExtensions.swift in Sources */,
				19CDDDEC27F0817B0099E5E8 /* BulletPointLabelsModel.swift in Sources */,
				19533D8A27E22BAB004D5AE5 /* SceneDelegate.swift in Sources */,
				19533DB927E22BF8004D5AE5 /* CVView.swift in Sources */,
				19D4C7CB27E3D3EF0094F0F6 /* CVSubviewFactory.swift in Sources */,
			);
			runOnlyForDeploymentPostprocessing = 0;
		};
		19533D9627E22BAD004D5AE5 /* Sources */ = {
			isa = PBXSourcesBuildPhase;
			buildActionMask = 2147483647;
			files = (
				19533D9F27E22BAD004D5AE5 /* AmerEidCVTests.swift in Sources */,
			);
			runOnlyForDeploymentPostprocessing = 0;
		};
		19533DA027E22BAD004D5AE5 /* Sources */ = {
			isa = PBXSourcesBuildPhase;
			buildActionMask = 2147483647;
			files = (
				19533DA927E22BAD004D5AE5 /* AmerEidCVUITests.swift in Sources */,
				19533DAB27E22BAD004D5AE5 /* AmerEidCVUITestsLaunchTests.swift in Sources */,
			);
			runOnlyForDeploymentPostprocessing = 0;
		};
/* End PBXSourcesBuildPhase section */

/* Begin PBXTargetDependency section */
		19533D9C27E22BAD004D5AE5 /* PBXTargetDependency */ = {
			isa = PBXTargetDependency;
			target = 19533D8327E22BAB004D5AE5 /* AmerEidCV */;
			targetProxy = 19533D9B27E22BAD004D5AE5 /* PBXContainerItemProxy */;
		};
		19533DA627E22BAD004D5AE5 /* PBXTargetDependency */ = {
			isa = PBXTargetDependency;
			target = 19533D8327E22BAB004D5AE5 /* AmerEidCV */;
			targetProxy = 19533DA527E22BAD004D5AE5 /* PBXContainerItemProxy */;
		};
/* End PBXTargetDependency section */

/* Begin PBXVariantGroup section */
		19533D9227E22BAC004D5AE5 /* LaunchScreen.storyboard */ = {
			isa = PBXVariantGroup;
			children = (
				19533D9327E22BAC004D5AE5 /* Base */,
			);
			name = LaunchScreen.storyboard;
			sourceTree = "<group>";
		};
/* End PBXVariantGroup section */

/* Begin XCBuildConfiguration section */
		19533DAC27E22BAD004D5AE5 /* Debug */ = {
			isa = XCBuildConfiguration;
			buildSettings = {
				ALWAYS_SEARCH_USER_PATHS = NO;
				CLANG_ANALYZER_NONNULL = YES;
				CLANG_ANALYZER_NUMBER_OBJECT_CONVERSION = YES_AGGRESSIVE;
				CLANG_CXX_LANGUAGE_STANDARD = "gnu++17";
				CLANG_ENABLE_MODULES = YES;
				CLANG_ENABLE_OBJC_ARC = YES;
				CLANG_ENABLE_OBJC_WEAK = YES;
				CLANG_WARN_BLOCK_CAPTURE_AUTORELEASING = YES;
				CLANG_WARN_BOOL_CONVERSION = YES;
				CLANG_WARN_COMMA = YES;
				CLANG_WARN_CONSTANT_CONVERSION = YES;
				CLANG_WARN_DEPRECATED_OBJC_IMPLEMENTATIONS = YES;
				CLANG_WARN_DIRECT_OBJC_ISA_USAGE = YES_ERROR;
				CLANG_WARN_DOCUMENTATION_COMMENTS = YES;
				CLANG_WARN_EMPTY_BODY = YES;
				CLANG_WARN_ENUM_CONVERSION = YES;
				CLANG_WARN_INFINITE_RECURSION = YES;
				CLANG_WARN_INT_CONVERSION = YES;
				CLANG_WARN_NON_LITERAL_NULL_CONVERSION = YES;
				CLANG_WARN_OBJC_IMPLICIT_RETAIN_SELF = YES;
				CLANG_WARN_OBJC_LITERAL_CONVERSION = YES;
				CLANG_WARN_OBJC_ROOT_CLASS = YES_ERROR;
				CLANG_WARN_QUOTED_INCLUDE_IN_FRAMEWORK_HEADER = YES;
				CLANG_WARN_RANGE_LOOP_ANALYSIS = YES;
				CLANG_WARN_STRICT_PROTOTYPES = YES;
				CLANG_WARN_SUSPICIOUS_MOVE = YES;
				CLANG_WARN_UNGUARDED_AVAILABILITY = YES_AGGRESSIVE;
				CLANG_WARN_UNREACHABLE_CODE = YES;
				CLANG_WARN__DUPLICATE_METHOD_MATCH = YES;
				COPY_PHASE_STRIP = NO;
				DEBUG_INFORMATION_FORMAT = dwarf;
				ENABLE_STRICT_OBJC_MSGSEND = YES;
				ENABLE_TESTABILITY = YES;
				GCC_C_LANGUAGE_STANDARD = gnu11;
				GCC_DYNAMIC_NO_PIC = NO;
				GCC_NO_COMMON_BLOCKS = YES;
				GCC_OPTIMIZATION_LEVEL = 0;
				GCC_PREPROCESSOR_DEFINITIONS = (
					"DEBUG=1",
					"$(inherited)",
				);
				GCC_WARN_64_TO_32_BIT_CONVERSION = YES;
				GCC_WARN_ABOUT_RETURN_TYPE = YES_ERROR;
				GCC_WARN_UNDECLARED_SELECTOR = YES;
				GCC_WARN_UNINITIALIZED_AUTOS = YES_AGGRESSIVE;
				GCC_WARN_UNUSED_FUNCTION = YES;
				GCC_WARN_UNUSED_VARIABLE = YES;
				IPHONEOS_DEPLOYMENT_TARGET = 15.4;
				MTL_ENABLE_DEBUG_INFO = INCLUDE_SOURCE;
				MTL_FAST_MATH = YES;
				ONLY_ACTIVE_ARCH = YES;
				SDKROOT = iphoneos;
				SWIFT_ACTIVE_COMPILATION_CONDITIONS = DEBUG;
				SWIFT_OPTIMIZATION_LEVEL = "-Onone";
			};
			name = Debug;
		};
		19533DAD27E22BAD004D5AE5 /* Release */ = {
			isa = XCBuildConfiguration;
			buildSettings = {
				ALWAYS_SEARCH_USER_PATHS = NO;
				CLANG_ANALYZER_NONNULL = YES;
				CLANG_ANALYZER_NUMBER_OBJECT_CONVERSION = YES_AGGRESSIVE;
				CLANG_CXX_LANGUAGE_STANDARD = "gnu++17";
				CLANG_ENABLE_MODULES = YES;
				CLANG_ENABLE_OBJC_ARC = YES;
				CLANG_ENABLE_OBJC_WEAK = YES;
				CLANG_WARN_BLOCK_CAPTURE_AUTORELEASING = YES;
				CLANG_WARN_BOOL_CONVERSION = YES;
				CLANG_WARN_COMMA = YES;
				CLANG_WARN_CONSTANT_CONVERSION = YES;
				CLANG_WARN_DEPRECATED_OBJC_IMPLEMENTATIONS = YES;
				CLANG_WARN_DIRECT_OBJC_ISA_USAGE = YES_ERROR;
				CLANG_WARN_DOCUMENTATION_COMMENTS = YES;
				CLANG_WARN_EMPTY_BODY = YES;
				CLANG_WARN_ENUM_CONVERSION = YES;
				CLANG_WARN_INFINITE_RECURSION = YES;
				CLANG_WARN_INT_CONVERSION = YES;
				CLANG_WARN_NON_LITERAL_NULL_CONVERSION = YES;
				CLANG_WARN_OBJC_IMPLICIT_RETAIN_SELF = YES;
				CLANG_WARN_OBJC_LITERAL_CONVERSION = YES;
				CLANG_WARN_OBJC_ROOT_CLASS = YES_ERROR;
				CLANG_WARN_QUOTED_INCLUDE_IN_FRAMEWORK_HEADER = YES;
				CLANG_WARN_RANGE_LOOP_ANALYSIS = YES;
				CLANG_WARN_STRICT_PROTOTYPES = YES;
				CLANG_WARN_SUSPICIOUS_MOVE = YES;
				CLANG_WARN_UNGUARDED_AVAILABILITY = YES_AGGRESSIVE;
				CLANG_WARN_UNREACHABLE_CODE = YES;
				CLANG_WARN__DUPLICATE_METHOD_MATCH = YES;
				COPY_PHASE_STRIP = NO;
				DEBUG_INFORMATION_FORMAT = "dwarf-with-dsym";
				ENABLE_NS_ASSERTIONS = NO;
				ENABLE_STRICT_OBJC_MSGSEND = YES;
				GCC_C_LANGUAGE_STANDARD = gnu11;
				GCC_NO_COMMON_BLOCKS = YES;
				GCC_WARN_64_TO_32_BIT_CONVERSION = YES;
				GCC_WARN_ABOUT_RETURN_TYPE = YES_ERROR;
				GCC_WARN_UNDECLARED_SELECTOR = YES;
				GCC_WARN_UNINITIALIZED_AUTOS = YES_AGGRESSIVE;
				GCC_WARN_UNUSED_FUNCTION = YES;
				GCC_WARN_UNUSED_VARIABLE = YES;
				IPHONEOS_DEPLOYMENT_TARGET = 15.4;
				MTL_ENABLE_DEBUG_INFO = NO;
				MTL_FAST_MATH = YES;
				SDKROOT = iphoneos;
				SWIFT_COMPILATION_MODE = wholemodule;
				SWIFT_OPTIMIZATION_LEVEL = "-O";
				VALIDATE_PRODUCT = YES;
			};
			name = Release;
		};
		19533DAF27E22BAD004D5AE5 /* Debug */ = {
			isa = XCBuildConfiguration;
			buildSettings = {
				ASSETCATALOG_COMPILER_APPICON_NAME = AppIcon;
				ASSETCATALOG_COMPILER_GLOBAL_ACCENT_COLOR_NAME = AccentColor;
				CODE_SIGN_STYLE = Automatic;
				CURRENT_PROJECT_VERSION = 1;
				DEVELOPMENT_TEAM = R4DNS5E773;
				GENERATE_INFOPLIST_FILE = YES;
				INFOPLIST_FILE = AmerEidCV/Info.plist;
				INFOPLIST_KEY_UIApplicationSupportsIndirectInputEvents = YES;
				INFOPLIST_KEY_UILaunchStoryboardName = LaunchScreen;
				INFOPLIST_KEY_UISupportedInterfaceOrientations_iPad = "UIInterfaceOrientationPortrait UIInterfaceOrientationPortraitUpsideDown UIInterfaceOrientationLandscapeLeft UIInterfaceOrientationLandscapeRight";
				INFOPLIST_KEY_UISupportedInterfaceOrientations_iPhone = "UIInterfaceOrientationPortrait UIInterfaceOrientationLandscapeLeft UIInterfaceOrientationLandscapeRight";
				LD_RUNPATH_SEARCH_PATHS = (
					"$(inherited)",
					"@executable_path/Frameworks",
				);
				MARKETING_VERSION = 1.0;
				PRODUCT_BUNDLE_IDENTIFIER = com.amer.AmerEidCV;
				PRODUCT_NAME = "$(TARGET_NAME)";
				SWIFT_EMIT_LOC_STRINGS = YES;
				SWIFT_VERSION = 5.0;
				TARGETED_DEVICE_FAMILY = "1,2";
			};
			name = Debug;
		};
		19533DB027E22BAD004D5AE5 /* Release */ = {
			isa = XCBuildConfiguration;
			buildSettings = {
				ASSETCATALOG_COMPILER_APPICON_NAME = AppIcon;
				ASSETCATALOG_COMPILER_GLOBAL_ACCENT_COLOR_NAME = AccentColor;
				CODE_SIGN_STYLE = Automatic;
				CURRENT_PROJECT_VERSION = 1;
				DEVELOPMENT_TEAM = R4DNS5E773;
				GENERATE_INFOPLIST_FILE = YES;
				INFOPLIST_FILE = AmerEidCV/Info.plist;
				INFOPLIST_KEY_UIApplicationSupportsIndirectInputEvents = YES;
				INFOPLIST_KEY_UILaunchStoryboardName = LaunchScreen;
				INFOPLIST_KEY_UISupportedInterfaceOrientations_iPad = "UIInterfaceOrientationPortrait UIInterfaceOrientationPortraitUpsideDown UIInterfaceOrientationLandscapeLeft UIInterfaceOrientationLandscapeRight";
				INFOPLIST_KEY_UISupportedInterfaceOrientations_iPhone = "UIInterfaceOrientationPortrait UIInterfaceOrientationLandscapeLeft UIInterfaceOrientationLandscapeRight";
				LD_RUNPATH_SEARCH_PATHS = (
					"$(inherited)",
					"@executable_path/Frameworks",
				);
				MARKETING_VERSION = 1.0;
				PRODUCT_BUNDLE_IDENTIFIER = com.amer.AmerEidCV;
				PRODUCT_NAME = "$(TARGET_NAME)";
				SWIFT_EMIT_LOC_STRINGS = YES;
				SWIFT_VERSION = 5.0;
				TARGETED_DEVICE_FAMILY = "1,2";
			};
			name = Release;
		};
		19533DB227E22BAD004D5AE5 /* Debug */ = {
			isa = XCBuildConfiguration;
			buildSettings = {
				ALWAYS_EMBED_SWIFT_STANDARD_LIBRARIES = YES;
				BUNDLE_LOADER = "$(TEST_HOST)";
				CODE_SIGN_STYLE = Automatic;
				CURRENT_PROJECT_VERSION = 1;
				DEVELOPMENT_TEAM = R4DNS5E773;
				GENERATE_INFOPLIST_FILE = YES;
				IPHONEOS_DEPLOYMENT_TARGET = 15.4;
				MARKETING_VERSION = 1.0;
				PRODUCT_BUNDLE_IDENTIFIER = com.amer.AmerEidCVTests;
				PRODUCT_NAME = "$(TARGET_NAME)";
				SWIFT_EMIT_LOC_STRINGS = NO;
				SWIFT_VERSION = 5.0;
				TARGETED_DEVICE_FAMILY = "1,2";
				TEST_HOST = "$(BUILT_PRODUCTS_DIR)/AmerEidCV.app/AmerEidCV";
			};
			name = Debug;
		};
		19533DB327E22BAD004D5AE5 /* Release */ = {
			isa = XCBuildConfiguration;
			buildSettings = {
				ALWAYS_EMBED_SWIFT_STANDARD_LIBRARIES = YES;
				BUNDLE_LOADER = "$(TEST_HOST)";
				CODE_SIGN_STYLE = Automatic;
				CURRENT_PROJECT_VERSION = 1;
				DEVELOPMENT_TEAM = R4DNS5E773;
				GENERATE_INFOPLIST_FILE = YES;
				IPHONEOS_DEPLOYMENT_TARGET = 15.4;
				MARKETING_VERSION = 1.0;
				PRODUCT_BUNDLE_IDENTIFIER = com.amer.AmerEidCVTests;
				PRODUCT_NAME = "$(TARGET_NAME)";
				SWIFT_EMIT_LOC_STRINGS = NO;
				SWIFT_VERSION = 5.0;
				TARGETED_DEVICE_FAMILY = "1,2";
				TEST_HOST = "$(BUILT_PRODUCTS_DIR)/AmerEidCV.app/AmerEidCV";
			};
			name = Release;
		};
		19533DB527E22BAD004D5AE5 /* Debug */ = {
			isa = XCBuildConfiguration;
			buildSettings = {
				ALWAYS_EMBED_SWIFT_STANDARD_LIBRARIES = YES;
				CODE_SIGN_STYLE = Automatic;
				CURRENT_PROJECT_VERSION = 1;
				DEVELOPMENT_TEAM = R4DNS5E773;
				GENERATE_INFOPLIST_FILE = YES;
				MARKETING_VERSION = 1.0;
				PRODUCT_BUNDLE_IDENTIFIER = com.amer.AmerEidCVUITests;
				PRODUCT_NAME = "$(TARGET_NAME)";
				SWIFT_EMIT_LOC_STRINGS = NO;
				SWIFT_VERSION = 5.0;
				TARGETED_DEVICE_FAMILY = "1,2";
				TEST_TARGET_NAME = AmerEidCV;
			};
			name = Debug;
		};
		19533DB627E22BAD004D5AE5 /* Release */ = {
			isa = XCBuildConfiguration;
			buildSettings = {
				ALWAYS_EMBED_SWIFT_STANDARD_LIBRARIES = YES;
				CODE_SIGN_STYLE = Automatic;
				CURRENT_PROJECT_VERSION = 1;
				DEVELOPMENT_TEAM = R4DNS5E773;
				GENERATE_INFOPLIST_FILE = YES;
				MARKETING_VERSION = 1.0;
				PRODUCT_BUNDLE_IDENTIFIER = com.amer.AmerEidCVUITests;
				PRODUCT_NAME = "$(TARGET_NAME)";
				SWIFT_EMIT_LOC_STRINGS = NO;
				SWIFT_VERSION = 5.0;
				TARGETED_DEVICE_FAMILY = "1,2";
				TEST_TARGET_NAME = AmerEidCV;
			};
			name = Release;
		};
/* End XCBuildConfiguration section */

/* Begin XCConfigurationList section */
		19533D7F27E22BAB004D5AE5 /* Build configuration list for PBXProject "AmerEidCV" */ = {
			isa = XCConfigurationList;
			buildConfigurations = (
				19533DAC27E22BAD004D5AE5 /* Debug */,
				19533DAD27E22BAD004D5AE5 /* Release */,
			);
			defaultConfigurationIsVisible = 0;
			defaultConfigurationName = Release;
		};
		19533DAE27E22BAD004D5AE5 /* Build configuration list for PBXNativeTarget "AmerEidCV" */ = {
			isa = XCConfigurationList;
			buildConfigurations = (
				19533DAF27E22BAD004D5AE5 /* Debug */,
				19533DB027E22BAD004D5AE5 /* Release */,
			);
			defaultConfigurationIsVisible = 0;
			defaultConfigurationName = Release;
		};
		19533DB127E22BAD004D5AE5 /* Build configuration list for PBXNativeTarget "AmerEidCVTests" */ = {
			isa = XCConfigurationList;
			buildConfigurations = (
				19533DB227E22BAD004D5AE5 /* Debug */,
				19533DB327E22BAD004D5AE5 /* Release */,
			);
			defaultConfigurationIsVisible = 0;
			defaultConfigurationName = Release;
		};
		19533DB427E22BAD004D5AE5 /* Build configuration list for PBXNativeTarget "AmerEidCVUITests" */ = {
			isa = XCConfigurationList;
			buildConfigurations = (
				19533DB527E22BAD004D5AE5 /* Debug */,
				19533DB627E22BAD004D5AE5 /* Release */,
			);
			defaultConfigurationIsVisible = 0;
			defaultConfigurationName = Release;
		};
/* End XCConfigurationList section */

/* Begin XCRemoteSwiftPackageReference section */
		19533DBD27E259AE004D5AE5 /* XCRemoteSwiftPackageReference "PinLayout" */ = {
			isa = XCRemoteSwiftPackageReference;
			repositoryURL = "https://github.com/layoutBox/PinLayout";
			requirement = {
				kind = exactVersion;
				version = 1.9.4;
			};
		};
/* End XCRemoteSwiftPackageReference section */

/* Begin XCSwiftPackageProductDependency section */
		19533DBE27E259AE004D5AE5 /* PinLayout */ = {
			isa = XCSwiftPackageProductDependency;
			package = 19533DBD27E259AE004D5AE5 /* XCRemoteSwiftPackageReference "PinLayout" */;
			productName = PinLayout;
		};
/* End XCSwiftPackageProductDependency section */
	};
	rootObject = 19533D7C27E22BAB004D5AE5 /* Project object */;
}
